
Microsoft Visual Studio Solution File, Format Version 12.00
# Visual Studio 15
VisualStudioVersion = 15.0.28307.168
MinimumVisualStudioVersion = 10.0.40219.1
Project("{9A19103F-16F7-4668-BE54-9A1E7A4F7556}") = "CaptureProcessor", "CaptureProcessor\CaptureProcessor.csproj", "{33A32F69-9630-4EAA-8878-586B3B9CBCAE}"
EndProject
Project("{9A19103F-16F7-4668-BE54-9A1E7A4F7556}") = "CaptureXUnitTestProject", "CaptureXUnitTest\CaptureXUnitTest.csproj", "{9DAC07C5-F056-4837-9A8F-65EF0B9A4940}"
EndProject
Project("{9A19103F-16F7-4668-BE54-9A1E7A4F7556}") = "ConsoleAppTest", "ConsoleAppTest\ConsoleAppTest.csproj", "{818A773B-9D18-4535-B552-29A36B0978A9}"
EndProject
Global
	GlobalSection(SolutionConfigurationPlatforms) = preSolution
		Debug|Any CPU = Debug|Any CPU
		Release|Any CPU = Release|Any CPU
	EndGlobalSection
	GlobalSection(ProjectConfigurationPlatforms) = postSolution
		{33A32F69-9630-4EAA-8878-586B3B9CBCAE}.Debug|Any CPU.ActiveCfg = Debug|Any CPU
		{33A32F69-9630-4EAA-8878-586B3B9CBCAE}.Debug|Any CPU.Build.0 = Debug|Any CPU
		{33A32F69-9630-4EAA-8878-586B3B9CBCAE}.Release|Any CPU.ActiveCfg = Release|Any CPU
		{33A32F69-9630-4EAA-8878-586B3B9CBCAE}.Release|Any CPU.Build.0 = Release|Any CPU
		{9DAC07C5-F056-4837-9A8F-65EF0B9A4940}.Debug|Any CPU.ActiveCfg = Debug|Any CPU
		{9DAC07C5-F056-4837-9A8F-65EF0B9A4940}.Debug|Any CPU.Build.0 = Debug|Any CPU
		{9DAC07C5-F056-4837-9A8F-65EF0B9A4940}.Release|Any CPU.ActiveCfg = Release|Any CPU
		{9DAC07C5-F056-4837-9A8F-65EF0B9A4940}.Release|Any CPU.Build.0 = Release|Any CPU
		{818A773B-9D18-4535-B552-29A36B0978A9}.Debug|Any CPU.ActiveCfg = Debug|Any CPU
		{818A773B-9D18-4535-B552-29A36B0978A9}.Debug|Any CPU.Build.0 = Debug|Any CPU
		{818A773B-9D18-4535-B552-29A36B0978A9}.Release|Any CPU.ActiveCfg = Release|Any CPU
		{818A773B-9D18-4535-B552-29A36B0978A9}.Release|Any CPU.Build.0 = Release|Any CPU
	EndGlobalSection
	GlobalSection(SolutionProperties) = preSolution
		HideSolutionNode = FALSE
	EndGlobalSection
	GlobalSection(ExtensibilityGlobals) = postSolution
		SolutionGuid = {D1582D93-B155-4B61-8D38-7C7261ED0569}
	EndGlobalSection
EndGlobal
